
Microsoft Visual Studio Solution File, Format Version 12.00
# Visual Studio Version 17
VisualStudioVersion = 17.0.31903.59
MinimumVisualStudioVersion = 10.0.40219.1
Project("{FAE04EC0-301F-11D3-BF4B-00C04F79EFBC}") = "AuthorizationApplication.Api", "AuthorizationApplication.Api\AuthorizationApplication.Api.csproj", "{068E1DE7-8FD7-4D44-8B7E-275766947698}"
EndProject
Project("{FAE04EC0-301F-11D3-BF4B-00C04F79EFBC}") = "AuthorizationApplication.Client", "AuthorizationApplication.Client\AuthorizationApplication.Client.csproj", "{A111ACB6-91C5-421B-A168-000AF7889085}"
EndProject
Global
	GlobalSection(SolutionConfigurationPlatforms) = preSolution
		Debug|Any CPU = Debug|Any CPU
		Debug|x64 = Debug|x64
		Debug|x86 = Debug|x86
		Release|Any CPU = Release|Any CPU
		Release|x64 = Release|x64
		Release|x86 = Release|x86
	EndGlobalSection
	GlobalSection(ProjectConfigurationPlatforms) = postSolution
		{068E1DE7-8FD7-4D44-8B7E-275766947698}.Debug|Any CPU.ActiveCfg = Debug|Any CPU
		{068E1DE7-8FD7-4D44-8B7E-275766947698}.Debug|Any CPU.Build.0 = Debug|Any CPU
		{068E1DE7-8FD7-4D44-8B7E-275766947698}.Debug|x64.ActiveCfg = Debug|Any CPU
		{068E1DE7-8FD7-4D44-8B7E-275766947698}.Debug|x64.Build.0 = Debug|Any CPU
		{068E1DE7-8FD7-4D44-8B7E-275766947698}.Debug|x86.ActiveCfg = Debug|Any CPU
		{068E1DE7-8FD7-4D44-8B7E-275766947698}.Debug|x86.Build.0 = Debug|Any CPU
		{068E1DE7-8FD7-4D44-8B7E-275766947698}.Release|Any CPU.ActiveCfg = Release|Any CPU
		{068E1DE7-8FD7-4D44-8B7E-275766947698}.Release|Any CPU.Build.0 = Release|Any CPU
		{068E1DE7-8FD7-4D44-8B7E-275766947698}.Release|x64.ActiveCfg = Release|Any CPU
		{068E1DE7-8FD7-4D44-8B7E-275766947698}.Release|x64.Build.0 = Release|Any CPU
		{068E1DE7-8FD7-4D44-8B7E-275766947698}.Release|x86.ActiveCfg = Release|Any CPU
		{068E1DE7-8FD7-4D44-8B7E-275766947698}.Release|x86.Build.0 = Release|Any CPU
		{A111ACB6-91C5-421B-A168-000AF7889085}.Debug|Any CPU.ActiveCfg = Debug|Any CPU
		{A111ACB6-91C5-421B-A168-000AF7889085}.Debug|Any CPU.Build.0 = Debug|Any CPU
		{A111ACB6-91C5-421B-A168-000AF7889085}.Debug|x64.ActiveCfg = Debug|Any CPU
		{A111ACB6-91C5-421B-A168-000AF7889085}.Debug|x64.Build.0 = Debug|Any CPU
		{A111ACB6-91C5-421B-A168-000AF7889085}.Debug|x86.ActiveCfg = Debug|Any CPU
		{A111ACB6-91C5-421B-A168-000AF7889085}.Debug|x86.Build.0 = Debug|Any CPU
		{A111ACB6-91C5-421B-A168-000AF7889085}.Release|Any CPU.ActiveCfg = Release|Any CPU
		{A111ACB6-91C5-421B-A168-000AF7889085}.Release|Any CPU.Build.0 = Release|Any CPU
		{A111ACB6-91C5-421B-A168-000AF7889085}.Release|x64.ActiveCfg = Release|Any CPU
		{A111ACB6-91C5-421B-A168-000AF7889085}.Release|x64.Build.0 = Release|Any CPU
		{A111ACB6-91C5-421B-A168-000AF7889085}.Release|x86.ActiveCfg = Release|Any CPU
		{A111ACB6-91C5-421B-A168-000AF7889085}.Release|x86.Build.0 = Release|Any CPU
	EndGlobalSection
	GlobalSection(SolutionProperties) = preSolution
		HideSolutionNode = FALSE
	EndGlobalSection
EndGlobal
